
Microsoft Visual Studio Solution File, Format Version 12.00
# Visual Studio Version 17
VisualStudioVersion = 17.5.33502.453
MinimumVisualStudioVersion = 10.0.40219.1
Project("{8BC9CEB8-8B4A-11D0-8D11-00A0C91BC942}") = "ParadigmaOOP_189", "ParadigmaOOP_189\ParadigmaOOP_189.vcxproj", "{7A1423FF-8B10-4BED-8C61-DE603D88712F}"
EndProject
Project("{8BC9CEB8-8B4A-11D0-8D11-00A0C91BC942}") = "mainA", "mainA\mainA.vcxproj", "{D8B9B235-62A4-46B5-90CA-B7DB959EF535}"
EndProject
Project("{8BC9CEB8-8B4A-11D0-8D11-00A0C91BC942}") = "mainJM", "mainJM\mainJM.vcxproj", "{A625BFF8-6657-4727-AAE5-39ECB99478E2}"
EndProject
Project("{8BC9CEB8-8B4A-11D0-8D11-00A0C91BC942}") = "memberinitlist", "memberinitlist\memberinitlist.vcxproj", "{C47F893E-2165-4FD6-91E7-4DDF16BCD3B0}"
EndProject
Project("{8BC9CEB8-8B4A-11D0-8D11-00A0C91BC942}") = "Asosiasi", "Asosiasi\Asosiasi.vcxproj", "{591FC5B6-8D85-4AD3-911B-ED8FBE626C88}"
EndProject
Global
	GlobalSection(SolutionConfigurationPlatforms) = preSolution
		Debug|x64 = Debug|x64
		Debug|x86 = Debug|x86
		Release|x64 = Release|x64
		Release|x86 = Release|x86
	EndGlobalSection
	GlobalSection(ProjectConfigurationPlatforms) = postSolution
		{7A1423FF-8B10-4BED-8C61-DE603D88712F}.Debug|x64.ActiveCfg = Debug|x64
		{7A1423FF-8B10-4BED-8C61-DE603D88712F}.Debug|x64.Build.0 = Debug|x64
		{7A1423FF-8B10-4BED-8C61-DE603D88712F}.Debug|x86.ActiveCfg = Debug|Win32
		{7A1423FF-8B10-4BED-8C61-DE603D88712F}.Debug|x86.Build.0 = Debug|Win32
		{7A1423FF-8B10-4BED-8C61-DE603D88712F}.Release|x64.ActiveCfg = Release|x64
		{7A1423FF-8B10-4BED-8C61-DE603D88712F}.Release|x64.Build.0 = Release|x64
		{7A1423FF-8B10-4BED-8C61-DE603D88712F}.Release|x86.ActiveCfg = Release|Win32
		{7A1423FF-8B10-4BED-8C61-DE603D88712F}.Release|x86.Build.0 = Release|Win32
		{D8B9B235-62A4-46B5-90CA-B7DB959EF535}.Debug|x64.ActiveCfg = Debug|x64
		{D8B9B235-62A4-46B5-90CA-B7DB959EF535}.Debug|x64.Build.0 = Debug|x64
		{D8B9B235-62A4-46B5-90CA-B7DB959EF535}.Debug|x86.ActiveCfg = Debug|Win32
		{D8B9B235-62A4-46B5-90CA-B7DB959EF535}.Debug|x86.Build.0 = Debug|Win32
		{D8B9B235-62A4-46B5-90CA-B7DB959EF535}.Release|x64.ActiveCfg = Release|x64
		{D8B9B235-62A4-46B5-90CA-B7DB959EF535}.Release|x64.Build.0 = Release|x64
		{D8B9B235-62A4-46B5-90CA-B7DB959EF535}.Release|x86.ActiveCfg = Release|Win32
		{D8B9B235-62A4-46B5-90CA-B7DB959EF535}.Release|x86.Build.0 = Release|Win32
		{A625BFF8-6657-4727-AAE5-39ECB99478E2}.Debug|x64.ActiveCfg = Debug|x64
		{A625BFF8-6657-4727-AAE5-39ECB99478E2}.Debug|x64.Build.0 = Debug|x64
		{A625BFF8-6657-4727-AAE5-39ECB99478E2}.Debug|x86.ActiveCfg = Debug|Win32
		{A625BFF8-6657-4727-AAE5-39ECB99478E2}.Debug|x86.Build.0 = Debug|Win32
		{A625BFF8-6657-4727-AAE5-39ECB99478E2}.Release|x64.ActiveCfg = Release|x64
		{A625BFF8-6657-4727-AAE5-39ECB99478E2}.Release|x64.Build.0 = Release|x64
		{A625BFF8-6657-4727-AAE5-39ECB99478E2}.Release|x86.ActiveCfg = Release|Win32
		{A625BFF8-6657-4727-AAE5-39ECB99478E2}.Release|x86.Build.0 = Release|Win32
		{C47F893E-2165-4FD6-91E7-4DDF16BCD3B0}.Debug|x64.ActiveCfg = Debug|x64
		{C47F893E-2165-4FD6-91E7-4DDF16BCD3B0}.Debug|x64.Build.0 = Debug|x64
		{C47F893E-2165-4FD6-91E7-4DDF16BCD3B0}.Debug|x86.ActiveCfg = Debug|Win32
		{C47F893E-2165-4FD6-91E7-4DDF16BCD3B0}.Debug|x86.Build.0 = Debug|Win32
		{C47F893E-2165-4FD6-91E7-4DDF16BCD3B0}.Release|x64.ActiveCfg = Release|x64
		{C47F893E-2165-4FD6-91E7-4DDF16BCD3B0}.Release|x64.Build.0 = Release|x64
		{C47F893E-2165-4FD6-91E7-4DDF16BCD3B0}.Release|x86.ActiveCfg = Release|Win32
		{C47F893E-2165-4FD6-91E7-4DDF16BCD3B0}.Release|x86.Build.0 = Release|Win32
		{591FC5B6-8D85-4AD3-911B-ED8FBE626C88}.Debug|x64.ActiveCfg = Debug|x64
		{591FC5B6-8D85-4AD3-911B-ED8FBE626C88}.Debug|x64.Build.0 = Debug|x64
		{591FC5B6-8D85-4AD3-911B-ED8FBE626C88}.Debug|x86.ActiveCfg = Debug|Win32
		{591FC5B6-8D85-4AD3-911B-ED8FBE626C88}.Debug|x86.Build.0 = Debug|Win32
		{591FC5B6-8D85-4AD3-911B-ED8FBE626C88}.Release|x64.ActiveCfg = Release|x64
		{591FC5B6-8D85-4AD3-911B-ED8FBE626C88}.Release|x64.Build.0 = Release|x64
		{591FC5B6-8D85-4AD3-911B-ED8FBE626C88}.Release|x86.ActiveCfg = Release|Win32
		{591FC5B6-8D85-4AD3-911B-ED8FBE626C88}.Release|x86.Build.0 = Release|Win32
	EndGlobalSection
	GlobalSection(SolutionProperties) = preSolution
		HideSolutionNode = FALSE
	EndGlobalSection
	GlobalSection(ExtensibilityGlobals) = postSolution
		SolutionGuid = {2A8AC5B7-D08F-48E3-B475-B1EF11D7F8B7}
	EndGlobalSection
EndGlobal
